
Microsoft Visual Studio Solution File, Format Version 12.00
# Visual Studio Version 17
VisualStudioVersion = 17.0.31903.59
MinimumVisualStudioVersion = 10.0.40219.1
Project("{FAE04EC0-301F-11D3-BF4B-00C04F79EFBC}") = "Infrastructure", "Infrastructure\Infrastructure.csproj", "{CAF20E8E-BAB1-4144-925C-87448DD89988}"
EndProject
Project("{FAE04EC0-301F-11D3-BF4B-00C04F79EFBC}") = "Domain", "Domain\Domain.csproj", "{955E75FC-A660-4176-8F1A-F541BA6A0F34}"
EndProject
Project("{FAE04EC0-301F-11D3-BF4B-00C04F79EFBC}") = "WebApi", "WebApi\WebApi.csproj", "{1E2C76C1-A08F-47FE-B283-8893C6AF5163}"
EndProject
Global
	GlobalSection(SolutionConfigurationPlatforms) = preSolution
		Debug|Any CPU = Debug|Any CPU
		Release|Any CPU = Release|Any CPU
	EndGlobalSection
	GlobalSection(SolutionProperties) = preSolution
		HideSolutionNode = FALSE
	EndGlobalSection
	GlobalSection(ProjectConfigurationPlatforms) = postSolution
		{CAF20E8E-BAB1-4144-925C-87448DD89988}.Debug|Any CPU.ActiveCfg = Debug|Any CPU
		{CAF20E8E-BAB1-4144-925C-87448DD89988}.Debug|Any CPU.Build.0 = Debug|Any CPU
		{CAF20E8E-BAB1-4144-925C-87448DD89988}.Release|Any CPU.ActiveCfg = Release|Any CPU
		{CAF20E8E-BAB1-4144-925C-87448DD89988}.Release|Any CPU.Build.0 = Release|Any CPU
		{955E75FC-A660-4176-8F1A-F541BA6A0F34}.Debug|Any CPU.ActiveCfg = Debug|Any CPU
		{955E75FC-A660-4176-8F1A-F541BA6A0F34}.Debug|Any CPU.Build.0 = Debug|Any CPU
		{955E75FC-A660-4176-8F1A-F541BA6A0F34}.Release|Any CPU.ActiveCfg = Release|Any CPU
		{955E75FC-A660-4176-8F1A-F541BA6A0F34}.Release|Any CPU.Build.0 = Release|Any CPU
		{1E2C76C1-A08F-47FE-B283-8893C6AF5163}.Debug|Any CPU.ActiveCfg = Debug|Any CPU
		{1E2C76C1-A08F-47FE-B283-8893C6AF5163}.Debug|Any CPU.Build.0 = Debug|Any CPU
		{1E2C76C1-A08F-47FE-B283-8893C6AF5163}.Release|Any CPU.ActiveCfg = Release|Any CPU
		{1E2C76C1-A08F-47FE-B283-8893C6AF5163}.Release|Any CPU.Build.0 = Release|Any CPU
	EndGlobalSection
EndGlobal
